{
  "nodes": {
    "nixpkgs": {
      "locked": {
        "lastModified": 1733581040,
        "narHash": "sha256-Qn3nPMSopRQJgmvHzVqPcE3I03zJyl8cSbgnnltfFDY=",
        "owner": "nixos",
        "repo": "nixpkgs",
        "rev": "22c3f2cf41a0e70184334a958e6b124fb0ce3e01",
        "type": "github"
      },
      "original": {
        "owner": "nixos",
        "ref": "nixos-unstable",
        "repo": "nixpkgs",
        "type": "github"
      }
    },
    "pyproject-nix": {
      "inputs": {
        "nixpkgs": [
          "nixpkgs"
        ]
      },
      "locked": {
        "lastModified": 1733540292,
        "narHash": "sha256-UAW/Rs8hx6ai+lAv2c0fP21NXi3SWuJO9p0DNiEYS90=",
        "owner": "pyproject-nix",
        "repo": "pyproject.nix",
        "rev": "e2393999b79ea26c1d399f8fcc34db4a01665e9b",
        "type": "github"
      },
      "original": {
        "owner": "pyproject-nix",
        "repo": "pyproject.nix",
        "type": "github"
      }
    },
    "root": {
      "inputs": {
        "nixpkgs": "nixpkgs",
        "pyproject-nix": "pyproject-nix"
      }
    }
  },
  "root": "root",
  "version": 7
}
