{
  "nodes": {
    "flake-compat": {
      "flake": false,
      "locked": {
        "lastModified": 1696426674,
        "narHash": "sha256-kvjfFW7WAETZlt09AgDn1MrtKzP7t90Vf7vypd3OL1U=",
        "owner": "edolstra",
        "repo": "flake-compat",
        "rev": "0f9255e01c2351cc7d116c072cb317785dd33b33",
        "type": "github"
      },
      "original": {
        "owner": "edolstra",
        "repo": "flake-compat",
        "type": "github"
      }
    },
    "flake-parts": {
      "inputs": {
        "nixpkgs-lib": [
          "nixpkgs"
        ]
      },
      "locked": {
        "lastModified": 1722555600,
        "narHash": "sha256-XOQkdLafnb/p9ij77byFQjDf5m5QYl9b2REiVClC+x4=",
        "owner": "hercules-ci",
        "repo": "flake-parts",
        "rev": "8471fe90ad337a8074e957b69ca4d0089218391d",
        "type": "github"
      },
      "original": {
        "owner": "hercules-ci",
        "repo": "flake-parts",
        "type": "github"
      }
    },
    "flake-utils": {
      "inputs": {
        "systems": "systems"
      },
      "locked": {
        "lastModified": 1709126324,
        "narHash": "sha256-q6EQdSeUZOG26WelxqkmR7kArjgWCdw5sfJVHPH/7j8=",
        "owner": "numtide",
        "repo": "flake-utils",
        "rev": "d465f4819400de7c8d874d50b982301f28a84605",
        "type": "github"
      },
      "original": {
        "owner": "numtide",
        "repo": "flake-utils",
        "type": "github"
      }
    },
    "mdbook-nixdoc": {
      "inputs": {
        "nix-github-actions": [
          "nix-github-actions"
        ],
        "nixpkgs": [
          "nixpkgs"
        ]
      },
      "locked": {
        "lastModified": 1708395692,
        "narHash": "sha256-smf0VmxGbjJDZqKvxxG3ZVqubgbVwAWG26wPo+BT/A0=",
        "owner": "adisbladis",
        "repo": "mdbook-nixdoc",
        "rev": "d6a71b114b9221c0b4f20d31b81766d072cc26be",
        "type": "github"
      },
      "original": {
        "owner": "adisbladis",
        "repo": "mdbook-nixdoc",
        "type": "github"
      }
    },
    "nix-github-actions": {
      "inputs": {
        "nixpkgs": [
          "nixpkgs"
        ]
      },
      "locked": {
        "lastModified": 1720066371,
        "narHash": "sha256-uPlLYH2S0ACj0IcgaK9Lsf4spmJoGejR9DotXiXSBZQ=",
        "owner": "nix-community",
        "repo": "nix-github-actions",
        "rev": "622f829f5fe69310a866c8a6cd07e747c44ef820",
        "type": "github"
      },
      "original": {
        "owner": "nix-community",
        "repo": "nix-github-actions",
        "type": "github"
      }
    },
    "nixdoc": {
      "inputs": {
        "flake-compat": "flake-compat",
        "flake-utils": "flake-utils",
        "nixpkgs": [
          "nixpkgs"
        ]
      },
      "locked": {
        "lastModified": 1724548692,
        "narHash": "sha256-xSktb4ygMMVAoMsfGChuw9tt1q7nsBMRuq3itATFeL0=",
        "owner": "nix-community",
        "repo": "nixdoc",
        "rev": "203aa642d92a477a0b1a2c91d53f6136d1b85d6b",
        "type": "github"
      },
      "original": {
        "owner": "nix-community",
        "repo": "nixdoc",
        "type": "github"
      }
    },
    "nixpkgs": {
      "locked": {
        "lastModified": 1724819573,
        "narHash": "sha256-GnR7/ibgIH1vhoy8cYdmXE6iyZqKqFxQSVkFgosBh6w=",
        "owner": "nixos",
        "repo": "nixpkgs",
        "rev": "71e91c409d1e654808b2621f28a327acfdad8dc2",
        "type": "github"
      },
      "original": {
        "owner": "nixos",
        "ref": "nixos-unstable",
        "repo": "nixpkgs",
        "type": "github"
      }
    },
    "pyproject-nix": {
      "inputs": {
        "mdbook-nixdoc": [
          "mdbook-nixdoc"
        ],
        "nix-github-actions": [
          "nix-github-actions"
        ],
        "nixpkgs": [
          "nixpkgs"
        ],
        "treefmt-nix": [
          "treefmt-nix"
        ]
      },
      "locked": {
        "lastModified": 1724900847,
        "narHash": "sha256-cvo9L7KEawnZNEkI/5VRpcieV+L3mKJz8f5W8dl0Jbk=",
        "owner": "adisbladis",
        "repo": "pyproject.nix",
        "rev": "3ae6cc542221186f95c9ad0b1db7f4598e57d818",
        "type": "github"
      },
      "original": {
        "owner": "adisbladis",
        "repo": "pyproject.nix",
        "type": "github"
      }
    },
    "root": {
      "inputs": {
        "flake-parts": "flake-parts",
        "mdbook-nixdoc": "mdbook-nixdoc",
        "nix-github-actions": "nix-github-actions",
        "nixdoc": "nixdoc",
        "nixpkgs": "nixpkgs",
        "pyproject-nix": "pyproject-nix",
        "treefmt-nix": "treefmt-nix"
      }
    },
    "systems": {
      "locked": {
        "lastModified": 1681028828,
        "narHash": "sha256-Vy1rq5AaRuLzOxct8nz4T6wlgyUR7zLU309k9mBC768=",
        "owner": "nix-systems",
        "repo": "default",
        "rev": "da67096a3b9bf56a91d16901293e51ba5b49a27e",
        "type": "github"
      },
      "original": {
        "owner": "nix-systems",
        "repo": "default",
        "type": "github"
      }
    },
    "treefmt-nix": {
      "inputs": {
        "nixpkgs": [
          "nixpkgs"
        ]
      },
      "locked": {
        "lastModified": 1724833132,
        "narHash": "sha256-F4djBvyNRAXGusJiNYInqR6zIMI3rvlp6WiKwsRISos=",
        "owner": "numtide",
        "repo": "treefmt-nix",
        "rev": "3ffd842a5f50f435d3e603312eefa4790db46af5",
        "type": "github"
      },
      "original": {
        "owner": "numtide",
        "repo": "treefmt-nix",
        "type": "github"
      }
    }
  },
  "root": "root",
  "version": 7
}
