version = 1
requires-python = ">=3.12"
resolution-markers = [
    "platform_release == '5.10.65'",
    "platform_release == '5.10.104'",
    "platform_release != '5.10.104' and platform_release != '5.10.65'",
]

[options]
exclude-newer = "2024-08-21T10:06:00Z"

[[package]]
name = "arpeggio"
version = "2.0.1"
source = { registry = "https://pypi.org/simple" }
resolution-markers = [
    "platform_release == '5.10.65'",
]
sdist = { url = "https://files.pythonhosted.org/packages/66/a5/4e39a94abf59bff8c9dde4880039172e0efe874453443e1e13651b6bd149/Arpeggio-2.0.1.tar.gz", hash = "sha256:8dfee59d546e0192e3c47f630f08f12ba7cf542caf157c58d516a193e3bfb854", size = 766688 }
wheels = [
    { url = "https://files.pythonhosted.org/packages/02/1f/01b7e8d3dec71b52a149ac04f48fcc8e559bda065bcb1b39d32a4f1da474/Arpeggio-2.0.1-py2.py3-none-any.whl", hash = "sha256:5372cf9daee84bd695e99f17371c844504ead3b1d96c70b95dfc54f957fe69de", size = 55285 },
]

[[package]]
name = "arpeggio"
version = "2.0.2"
source = { registry = "https://pypi.org/simple" }
resolution-markers = [
    "platform_release == '5.10.104'",
]
sdist = { url = "https://files.pythonhosted.org/packages/12/c4/516bb54456f85ad1947702ea4cef543a59de66d31a9887dbc3d9df36e3e1/Arpeggio-2.0.2.tar.gz", hash = "sha256:c790b2b06e226d2dd468e4fbfb5b7f506cec66416031fde1441cf1de2a0ba700", size = 766643 }
wheels = [
    { url = "https://files.pythonhosted.org/packages/f7/4f/d28bf30a19d4649b40b501d531b44e73afada99044df100380fd9567e92f/Arpeggio-2.0.2-py2.py3-none-any.whl", hash = "sha256:f7c8ae4f4056a89e020c24c7202ac8df3e2bc84e416746f20b0da35bb1de0250", size = 55287 },
]

[[package]]
name = "multi-choice-package"
version = "0.1.0"
source = { editable = "." }
dependencies = [
    { name = "arpeggio", version = "2.0.1", source = { registry = "https://pypi.org/simple" }, marker = "platform_release == '5.10.65'" },
    { name = "arpeggio", version = "2.0.2", source = { registry = "https://pypi.org/simple" }, marker = "platform_release == '5.10.104'" },
]

[package.metadata]
requires-dist = [
    { name = "arpeggio", marker = "platform_release == '5.10.104'", specifier = "==2.0.2" },
    { name = "arpeggio", marker = "platform_release == '5.10.65'", specifier = "==2.0.1" },
]
