version = 1
requires-python = ">=3.12"

[[package]]
name = "hello-world"
version = "0.1.0"
source = { editable = "." }
dependencies = [
    { name = "urllib3" },
]

[package.dev-dependencies]
dev = [
    { name = "ruff" },
]

[package.metadata]
requires-dist = [{ name = "urllib3", specifier = ">=2.2.3" }]

[package.metadata.requires-dev]
dev = [{ name = "ruff", specifier = ">=0.6.7" }]

[[package]]
name = "ruff"
version = "0.8.0"
source = { registry = "https://pypi.org/simple" }
sdist = { url = "https://files.pythonhosted.org/packages/b2/d6/a2373f3ba7180ddb44420d2a9d1f1510e1a4d162b3d27282bedcb09c8da9/ruff-0.8.0.tar.gz", hash = "sha256:a7ccfe6331bf8c8dad715753e157457faf7351c2b69f62f32c165c2dbcbacd44", size = 3276537 }
wheels = [
    { url = "https://files.pythonhosted.org/packages/ec/77/e889ee3ce7fd8baa3ed1b77a03b9fb8ec1be68be1418261522fd6a5405e0/ruff-0.8.0-py3-none-linux_armv6l.whl", hash = "sha256:fcb1bf2cc6706adae9d79c8d86478677e3bbd4ced796ccad106fd4776d395fea", size = 10518283 },
    { url = "https://files.pythonhosted.org/packages/da/c8/0a47de01edf19fb22f5f9b7964f46a68d0bdff20144d134556ffd1ba9154/ruff-0.8.0-py3-none-macosx_10_12_x86_64.whl", hash = "sha256:295bb4c02d58ff2ef4378a1870c20af30723013f441c9d1637a008baaf928c8b", size = 10317691 },
    { url = "https://files.pythonhosted.org/packages/41/17/9885e4a0eeae07abd2a4ebabc3246f556719f24efa477ba2739146c4635a/ruff-0.8.0-py3-none-macosx_11_0_arm64.whl", hash = "sha256:7b1f1c76b47c18fa92ee78b60d2d20d7e866c55ee603e7d19c1e991fad933a9a", size = 9940999 },
    { url = "https://files.pythonhosted.org/packages/3e/cd/46b6f7043597eb318b5f5482c8ae8f5491cccce771e85f59d23106f2d179/ruff-0.8.0-py3-none-manylinux_2_17_aarch64.manylinux2014_aarch64.whl", hash = "sha256:eb0d4f250a7711b67ad513fde67e8870109e5ce590a801c3722580fe98c33a99", size = 10772437 },
    { url = "https://files.pythonhosted.org/packages/5d/87/afc95aeb8bc78b1d8a3461717a4419c05aa8aa943d4c9cbd441630f85584/ruff-0.8.0-py3-none-manylinux_2_17_armv7l.manylinux2014_armv7l.whl", hash = "sha256:0e55cce9aa93c5d0d4e3937e47b169035c7e91c8655b0974e61bb79cf398d49c", size = 10299156 },
    { url = "https://files.pythonhosted.org/packages/65/fa/04c647bb809c4d65e8eae1ed1c654d9481b21dd942e743cd33511687b9f9/ruff-0.8.0-py3-none-manylinux_2_17_i686.manylinux2014_i686.whl", hash = "sha256:3f4cd64916d8e732ce6b87f3f5296a8942d285bbbc161acee7fe561134af64f9", size = 11325819 },
    { url = "https://files.pythonhosted.org/packages/90/26/7dad6e7d833d391a8a1afe4ee70ca6f36c4a297d3cca83ef10e83e9aacf3/ruff-0.8.0-py3-none-manylinux_2_17_ppc64.manylinux2014_ppc64.whl", hash = "sha256:c5c1466be2a2ebdf7c5450dd5d980cc87c8ba6976fb82582fea18823da6fa362", size = 12023927 },
    { url = "https://files.pythonhosted.org/packages/24/a0/be5296dda6428ba8a13bda8d09fbc0e14c810b485478733886e61597ae2b/ruff-0.8.0-py3-none-manylinux_2_17_ppc64le.manylinux2014_ppc64le.whl", hash = "sha256:2dabfd05b96b7b8f2da00d53c514eea842bff83e41e1cceb08ae1966254a51df", size = 11589702 },
    { url = "https://files.pythonhosted.org/packages/26/3f/7602eb11d2886db545834182a9dbe500b8211fcbc9b4064bf9d358bbbbb4/ruff-0.8.0-py3-none-manylinux_2_17_s390x.manylinux2014_s390x.whl", hash = "sha256:facebdfe5a5af6b1588a1d26d170635ead6892d0e314477e80256ef4a8470cf3", size = 12782936 },
    { url = "https://files.pythonhosted.org/packages/4c/5d/083181bdec4ec92a431c1291d3fff65eef3ded630a4b55eb735000ef5f3b/ruff-0.8.0-py3-none-manylinux_2_17_x86_64.manylinux2014_x86_64.whl", hash = "sha256:87a8e86bae0dbd749c815211ca11e3a7bd559b9710746c559ed63106d382bd9c", size = 11138488 },
    { url = "https://files.pythonhosted.org/packages/b7/23/c12cdef58413cee2436d6a177aa06f7a366ebbca916cf10820706f632459/ruff-0.8.0-py3-none-musllinux_1_2_aarch64.whl", hash = "sha256:85e654f0ded7befe2d61eeaf3d3b1e4ef3894469cd664ffa85006c7720f1e4a2", size = 10744474 },
    { url = "https://files.pythonhosted.org/packages/29/61/a12f3b81520083cd7c5caa24ba61bb99fd1060256482eff0ef04cc5ccd1b/ruff-0.8.0-py3-none-musllinux_1_2_armv7l.whl", hash = "sha256:83a55679c4cb449fa527b8497cadf54f076603cc36779b2170b24f704171ce70", size = 10369029 },
    { url = "https://files.pythonhosted.org/packages/08/2a/c013f4f3e4a54596c369cee74c24870ed1d534f31a35504908b1fc97017a/ruff-0.8.0-py3-none-musllinux_1_2_i686.whl", hash = "sha256:812e2052121634cf13cd6fddf0c1871d0ead1aad40a1a258753c04c18bb71bbd", size = 10867481 },
    { url = "https://files.pythonhosted.org/packages/d5/f7/685b1e1d42a3e94ceb25eab23c70bdd8c0ab66a43121ef83fe6db5a58756/ruff-0.8.0-py3-none-musllinux_1_2_x86_64.whl", hash = "sha256:780d5d8523c04202184405e60c98d7595bdb498c3c6abba3b6d4cdf2ca2af426", size = 11237117 },
    { url = "https://files.pythonhosted.org/packages/03/20/401132c0908e8837625e3b7e32df9962e7cd681a4df1e16a10e2a5b4ecda/ruff-0.8.0-py3-none-win32.whl", hash = "sha256:5fdb6efecc3eb60bba5819679466471fd7d13c53487df7248d6e27146e985468", size = 8783511 },
    { url = "https://files.pythonhosted.org/packages/1d/5c/4d800fca7854f62ad77f2c0d99b4b585f03e2d87a6ec1ecea85543a14a3c/ruff-0.8.0-py3-none-win_amd64.whl", hash = "sha256:582891c57b96228d146725975fbb942e1f30a0c4ba19722e692ca3eb25cc9b4f", size = 9559876 },
    { url = "https://files.pythonhosted.org/packages/5b/bc/cc8a6a5ca4960b226dc15dd8fb511dd11f2014ff89d325c0b9b9faa9871f/ruff-0.8.0-py3-none-win_arm64.whl", hash = "sha256:ba93e6294e9a737cd726b74b09a6972e36bb511f9a102f1d9a7e1ce94dd206a6", size = 8939733 },
]

[[package]]
name = "urllib3"
version = "2.2.3"
source = { registry = "https://pypi.org/simple" }
sdist = { url = "https://files.pythonhosted.org/packages/ed/63/22ba4ebfe7430b76388e7cd448d5478814d3032121827c12a2cc287e2260/urllib3-2.2.3.tar.gz", hash = "sha256:e7d814a81dad81e6caf2ec9fdedb284ecc9c73076b62654547cc64ccdcae26e9", size = 300677 }
wheels = [
    { url = "https://files.pythonhosted.org/packages/ce/d9/5f4c13cecde62396b0d3fe530a50ccea91e7dfc1ccf0e09c228841bb5ba8/urllib3-2.2.3-py3-none-any.whl", hash = "sha256:ca899ca043dcb1bafa3e262d73aa25c465bfb49e0bd9dd5d59f1d0acba2f8fac", size = 126338 },
]
